
Microsoft Visual Studio Solution File, Format Version 12.00
# Visual Studio Version 16
VisualStudioVersion = 16.0.30523.141
MinimumVisualStudioVersion = 10.0.40219.1
Project("{2150E333-8FDC-42A3-9474-1A3956D46DE8}") = "src", "src", "{BA1DD265-4BFB-4EB5-BE37-7CB15E238022}"
EndProject
Project("{FAE04EC0-301F-11D3-BF4B-00C04F79EFBC}") = "WebApiHost", "WebApiHost\WebApiHost.csproj", "{B3E37583-F66B-4E42-BF1D-88359FA890EC}"
EndProject
Global
	GlobalSection(SolutionConfigurationPlatforms) = preSolution
		Debug|Any CPU = Debug|Any CPU
		Release|Any CPU = Release|Any CPU
	EndGlobalSection
	GlobalSection(ProjectConfigurationPlatforms) = postSolution
		{B3E37583-F66B-4E42-BF1D-88359FA890EC}.Debug|Any CPU.ActiveCfg = Debug|Any CPU
		{B3E37583-F66B-4E42-BF1D-88359FA890EC}.Debug|Any CPU.Build.0 = Debug|Any CPU
		{B3E37583-F66B-4E42-BF1D-88359FA890EC}.Release|Any CPU.ActiveCfg = Release|Any CPU
		{B3E37583-F66B-4E42-BF1D-88359FA890EC}.Release|Any CPU.Build.0 = Release|Any CPU
	EndGlobalSection
	GlobalSection(SolutionProperties) = preSolution
		HideSolutionNode = FALSE
	EndGlobalSection
	GlobalSection(NestedProjects) = preSolution
		{B3E37583-F66B-4E42-BF1D-88359FA890EC} = {BA1DD265-4BFB-4EB5-BE37-7CB15E238022}
	EndGlobalSection
	GlobalSection(ExtensibilityGlobals) = postSolution
		SolutionGuid = {623B3E87-EC74-49ED-9895-CE1C8F6DBA88}
	EndGlobalSection
EndGlobal
